
Microsoft Visual Studio Solution File, Format Version 12.00
# Visual Studio 14
VisualStudioVersion = 14.0.24720.0
MinimumVisualStudioVersion = 10.0.40219.1
Project("{FAE04EC0-301F-11D3-BF4B-00C04F79EFBC}") = "BBS.Core", "BBS.Core\BBS.Core.csproj", "{7DD80288-70E9-4401-80ED-E176BEAF581E}"
EndProject
Project("{FAE04EC0-301F-11D3-BF4B-00C04F79EFBC}") = "BBS.WinForms", "BBS.WinForms\BBS.WinForms.csproj", "{27EF2B08-EC71-4E9D-B08D-E253DA8EEF9D}"
EndProject
Project("{FAE04EC0-301F-11D3-BF4B-00C04F79EFBC}") = "BBS.WPF", "BBS.WPF\BBS.WPF.csproj", "{0C732116-BD45-45E3-BEE8-FEB931C3A1E2}"
EndProject
Global
	GlobalSection(SolutionConfigurationPlatforms) = preSolution
		Debug|Any CPU = Debug|Any CPU
		Release|Any CPU = Release|Any CPU
	EndGlobalSection
	GlobalSection(ProjectConfigurationPlatforms) = postSolution
		{7DD80288-70E9-4401-80ED-E176BEAF581E}.Debug|Any CPU.ActiveCfg = Debug|Any CPU
		{7DD80288-70E9-4401-80ED-E176BEAF581E}.Debug|Any CPU.Build.0 = Debug|Any CPU
		{7DD80288-70E9-4401-80ED-E176BEAF581E}.Release|Any CPU.ActiveCfg = Release|Any CPU
		{7DD80288-70E9-4401-80ED-E176BEAF581E}.Release|Any CPU.Build.0 = Release|Any CPU
		{27EF2B08-EC71-4E9D-B08D-E253DA8EEF9D}.Debug|Any CPU.ActiveCfg = Debug|Any CPU
		{27EF2B08-EC71-4E9D-B08D-E253DA8EEF9D}.Debug|Any CPU.Build.0 = Debug|Any CPU
		{27EF2B08-EC71-4E9D-B08D-E253DA8EEF9D}.Release|Any CPU.ActiveCfg = Release|Any CPU
		{27EF2B08-EC71-4E9D-B08D-E253DA8EEF9D}.Release|Any CPU.Build.0 = Release|Any CPU
		{0C732116-BD45-45E3-BEE8-FEB931C3A1E2}.Debug|Any CPU.ActiveCfg = Debug|Any CPU
		{0C732116-BD45-45E3-BEE8-FEB931C3A1E2}.Debug|Any CPU.Build.0 = Debug|Any CPU
		{0C732116-BD45-45E3-BEE8-FEB931C3A1E2}.Release|Any CPU.ActiveCfg = Release|Any CPU
		{0C732116-BD45-45E3-BEE8-FEB931C3A1E2}.Release|Any CPU.Build.0 = Release|Any CPU
	EndGlobalSection
	GlobalSection(SolutionProperties) = preSolution
		HideSolutionNode = FALSE
	EndGlobalSection
EndGlobal
